{
  "name": "moduloRSA",
  "version": "1.0.0",
  "lockfileVersion": 1,
  "requires": true,
  "dependencies": {
    "bigint-crypto-utils": {
      "version": "3.0.23",
      "resolved": "https://registry.npmjs.org/bigint-crypto-utils/-/bigint-crypto-utils-3.0.23.tgz",
      "integrity": "sha512-ecCXGRhpfm6gOMlNymoojOXnASyx8lwk3Z8f76lANPAnR/rgo/OKVMajxN5TbfT/BaEfcBXskpIUiRz8HPDKoQ==",
      "requires": {
        "bigint-mod-arith": "^3.0.1"
      }
    },
    "bigint-mod-arith": {
      "version": "3.0.2",
      "resolved": "https://registry.npmjs.org/bigint-mod-arith/-/bigint-mod-arith-3.0.2.tgz",
      "integrity": "sha512-tlhD4h/D1sv4pJfZzBesKOlfXRCQTeMMUrGbpc2PAawMAjb/S/OPAQfi667w6COt/UHOfvOW47sCSMaSEj4zIg=="
    }
  }
}
